
Microsoft Visual Studio Solution File, Format Version 12.00
# Visual Studio Version 17
VisualStudioVersion = 17.0.32112.339
MinimumVisualStudioVersion = 10.0.40219.1
Project("{FAE04EC0-301F-11D3-BF4B-00C04F79EFBC}") = "M2Task12.1", "M2Task12.1\M2Task12.1.csproj", "{BC531EBD-03AB-48EC-8E06-4C4298F853B0}"
EndProject
Global
	GlobalSection(SolutionConfigurationPlatforms) = preSolution
		Debug|Any CPU = Debug|Any CPU
		Release|Any CPU = Release|Any CPU
	EndGlobalSection
	GlobalSection(ProjectConfigurationPlatforms) = postSolution
		{BC531EBD-03AB-48EC-8E06-4C4298F853B0}.Debug|Any CPU.ActiveCfg = Debug|Any CPU
		{BC531EBD-03AB-48EC-8E06-4C4298F853B0}.Debug|Any CPU.Build.0 = Debug|Any CPU
		{BC531EBD-03AB-48EC-8E06-4C4298F853B0}.Release|Any CPU.ActiveCfg = Release|Any CPU
		{BC531EBD-03AB-48EC-8E06-4C4298F853B0}.Release|Any CPU.Build.0 = Release|Any CPU
	EndGlobalSection
	GlobalSection(SolutionProperties) = preSolution
		HideSolutionNode = FALSE
	EndGlobalSection
	GlobalSection(ExtensibilityGlobals) = postSolution
		SolutionGuid = {64324FA5-FCE8-43B3-B181-EC352CAAD4D7}
	EndGlobalSection
EndGlobal
